// !$*UTF8*$!
{
	archiveVersion = 1;
	classes = {
	};
	objectVersion = 46;
	objects = {

/* Begin PBXBuildFile section */
		07DE688A158E8B5200798DBA /* UIKit.framework in Frameworks */ = {isa = PBXBuildFile; fileRef = 07DE6889158E8B5200798DBA /* UIKit.framework */; };
		07DE688C158E8B5200798DBA /* Foundation.framework in Frameworks */ = {isa = PBXBuildFile; fileRef = 07DE688B158E8B5200798DBA /* Foundation.framework */; };
		07DE688E158E8B5200798DBA /* CoreGraphics.framework in Frameworks */ = {isa = PBXBuildFile; fileRef = 07DE688D158E8B5200798DBA /* CoreGraphics.framework */; };
		BBCD757956454BA39B2A95E8 /* libPods.a in Frameworks */ = {isa = PBXBuildFile; fileRef = 7B3E00951CC849C89FB12A76 /* libPods.a */; };
		DC7120161799E58A00C3C81E /* Media.xcassets in Resources */ = {isa = PBXBuildFile; fileRef = DC7120151799E58A00C3C81E /* Media.xcassets */; };
		DCBED8EF1799DF2500BDA5AD /* Documents.plist in Resources */ = {isa = PBXBuildFile; fileRef = DCBED8E21799DF2500BDA5AD /* Documents.plist */; };
		DCBED8F01799DF2500BDA5AD /* InfoPlist.strings in Resources */ = {isa = PBXBuildFile; fileRef = DCBED8E31799DF2500BDA5AD /* InfoPlist.strings */; };
		DCDFFDD31714DE5B0059E675 /* Default-568h@2x.png in Resources */ = {isa = PBXBuildFile; fileRef = DCDFFDD21714DE5B0059E675 /* Default-568h@2x.png */; };
		ECC0D3EF17A1CE0100016744 /* AppDelegate.m in Sources */ = {isa = PBXBuildFile; fileRef = ECC0D3E417A1CE0100016744 /* AppDelegate.m */; };
		ECC0D3F017A1CE0100016744 /* TableViewCell.m in Sources */ = {isa = PBXBuildFile; fileRef = ECC0D3E617A1CE0100016744 /* TableViewCell.m */; };
		ECC0D3F117A1CE0100016744 /* TableViewController.m in Sources */ = {isa = PBXBuildFile; fileRef = ECC0D3E817A1CE0100016744 /* TableViewController.m */; };
		ECC0D3F217A1CE0100016744 /* main.m in Sources */ = {isa = PBXBuildFile; fileRef = ECC0D3E917A1CE0100016744 /* main.m */; };
		ECC0D3F317A1CE0100016744 /* ReadmeViewController.m in Sources */ = {isa = PBXBuildFile; fileRef = ECC0D3EC17A1CE0100016744 /* ReadmeViewController.m */; };
		ECC0D3F417A1CE0100016744 /* RootViewController.m in Sources */ = {isa = PBXBuildFile; fileRef = ECC0D3EE17A1CE0100016744 /* RootViewController.m */; };
/* End PBXBuildFile section */

/* Begin PBXFileReference section */
		012FA78F3DE04984A758D1D0 /* Pods.xcconfig */ = {isa = PBXFileReference; includeInIndex = 1; lastKnownFileType = text.xcconfig; name = Pods.xcconfig; path = Pods/Pods.xcconfig; sourceTree = SOURCE_ROOT; };
		07DE6885158E8B5200798DBA /* README.app */ = {isa = PBXFileReference; explicitFileType = wrapper.application; includeInIndex = 0; path = README.app; sourceTree = BUILT_PRODUCTS_DIR; };
		07DE6889158E8B5200798DBA /* UIKit.framework */ = {isa = PBXFileReference; lastKnownFileType = wrapper.framework; name = UIKit.framework; path = System/Library/Frameworks/UIKit.framework; sourceTree = SDKROOT; };
		07DE688B158E8B5200798DBA /* Foundation.framework */ = {isa = PBXFileReference; lastKnownFileType = wrapper.framework; name = Foundation.framework; path = System/Library/Frameworks/Foundation.framework; sourceTree = SDKROOT; };
		07DE688D158E8B5200798DBA /* CoreGraphics.framework */ = {isa = PBXFileReference; lastKnownFileType = wrapper.framework; name = CoreGraphics.framework; path = System/Library/Frameworks/CoreGraphics.framework; sourceTree = SDKROOT; };
		7B3E00951CC849C89FB12A76 /* libPods.a */ = {isa = PBXFileReference; explicitFileType = archive.ar; includeInIndex = 0; path = libPods.a; sourceTree = BUILT_PRODUCTS_DIR; };
		DC7120151799E58A00C3C81E /* Media.xcassets */ = {isa = PBXFileReference; lastKnownFileType = folder.assetcatalog; path = Media.xcassets; sourceTree = "<group>"; };
		DCBED8E21799DF2500BDA5AD /* Documents.plist */ = {isa = PBXFileReference; fileEncoding = 4; lastKnownFileType = text.plist.xml; path = Documents.plist; sourceTree = "<group>"; };
		DCBED8E41799DF2500BDA5AD /* en */ = {isa = PBXFileReference; lastKnownFileType = text.plist.strings; name = en; path = en.lproj/InfoPlist.strings; sourceTree = "<group>"; };
		DCBED8E61799DF2500BDA5AD /* README-Info.plist */ = {isa = PBXFileReference; fileEncoding = 4; lastKnownFileType = text.plist.xml; path = "README-Info.plist"; sourceTree = "<group>"; };
		DCDFFDD21714DE5B0059E675 /* Default-568h@2x.png */ = {isa = PBXFileReference; lastKnownFileType = image.png; path = "Default-568h@2x.png"; sourceTree = "<group>"; };
		ECC0D3E317A1CE0100016744 /* AppDelegate.h */ = {isa = PBXFileReference; fileEncoding = 4; lastKnownFileType = sourcecode.c.h; path = AppDelegate.h; sourceTree = "<group>"; };
		ECC0D3E417A1CE0100016744 /* AppDelegate.m */ = {isa = PBXFileReference; fileEncoding = 4; lastKnownFileType = sourcecode.c.objc; path = AppDelegate.m; sourceTree = "<group>"; };
		ECC0D3E517A1CE0100016744 /* TableViewCell.h */ = {isa = PBXFileReference; fileEncoding = 4; lastKnownFileType = sourcecode.c.h; path = TableViewCell.h; sourceTree = "<group>"; };
		ECC0D3E617A1CE0100016744 /* TableViewCell.m */ = {isa = PBXFileReference; fileEncoding = 4; lastKnownFileType = sourcecode.c.objc; path = TableViewCell.m; sourceTree = "<group>"; };
		ECC0D3E717A1CE0100016744 /* TableViewController.h */ = {isa = PBXFileReference; fileEncoding = 4; lastKnownFileType = sourcecode.c.h; path = TableViewController.h; sourceTree = "<group>"; };
		ECC0D3E817A1CE0100016744 /* TableViewController.m */ = {isa = PBXFileReference; fileEncoding = 4; lastKnownFileType = sourcecode.c.objc; path = TableViewController.m; sourceTree = "<group>"; };
		ECC0D3E917A1CE0100016744 /* main.m */ = {isa = PBXFileReference; fileEncoding = 4; lastKnownFileType = sourcecode.c.objc; path = main.m; sourceTree = "<group>"; };
		ECC0D3EA17A1CE0100016744 /* README-prefix.pch */ = {isa = PBXFileReference; fileEncoding = 4; lastKnownFileType = sourcecode.c.h; path = "README-prefix.pch"; sourceTree = "<group>"; };
		ECC0D3EB17A1CE0100016744 /* ReadmeViewController.h */ = {isa = PBXFileReference; fileEncoding = 4; lastKnownFileType = sourcecode.c.h; path = ReadmeViewController.h; sourceTree = "<group>"; };
		ECC0D3EC17A1CE0100016744 /* ReadmeViewController.m */ = {isa = PBXFileReference; fileEncoding = 4; indentWidth = 4; lastKnownFileType = sourcecode.c.objc; path = ReadmeViewController.m; sourceTree = "<group>"; };
		ECC0D3ED17A1CE0100016744 /* RootViewController.h */ = {isa = PBXFileReference; fileEncoding = 4; lastKnownFileType = sourcecode.c.h; path = RootViewController.h; sourceTree = "<group>"; };
		ECC0D3EE17A1CE0100016744 /* RootViewController.m */ = {isa = PBXFileReference; fileEncoding = 4; lastKnownFileType = sourcecode.c.objc; path = RootViewController.m; sourceTree = "<group>"; };
/* End PBXFileReference section */

/* Begin PBXFrameworksBuildPhase section */
		07DE6882158E8B5200798DBA /* Frameworks */ = {
			isa = PBXFrameworksBuildPhase;
			buildActionMask = 2147483647;
			files = (
				07DE688A158E8B5200798DBA /* UIKit.framework in Frameworks */,
				07DE688C158E8B5200798DBA /* Foundation.framework in Frameworks */,
				07DE688E158E8B5200798DBA /* CoreGraphics.framework in Frameworks */,
				BBCD757956454BA39B2A95E8 /* libPods.a in Frameworks */,
			);
			runOnlyForDeploymentPostprocessing = 0;
		};
/* End PBXFrameworksBuildPhase section */

/* Begin PBXGroup section */
		07DE687A158E8B5200798DBA = {
			isa = PBXGroup;
			children = (
				ECC0D3E217A1CE0100016744 /* source */,
				DCBED8DB1799DF2500BDA5AD /* README_app */,
				DCDFFDD21714DE5B0059E675 /* Default-568h@2x.png */,
				07DE6888158E8B5200798DBA /* Frameworks */,
				07DE6886158E8B5200798DBA /* Products */,
				012FA78F3DE04984A758D1D0 /* Pods.xcconfig */,
			);
			indentWidth = 4;
			sourceTree = "<group>";
		};
		07DE6886158E8B5200798DBA /* Products */ = {
			isa = PBXGroup;
			children = (
				07DE6885158E8B5200798DBA /* README.app */,
			);
			name = Products;
			sourceTree = "<group>";
		};
		07DE6888158E8B5200798DBA /* Frameworks */ = {
			isa = PBXGroup;
			children = (
				07DE6889158E8B5200798DBA /* UIKit.framework */,
				07DE688B158E8B5200798DBA /* Foundation.framework */,
				07DE688D158E8B5200798DBA /* CoreGraphics.framework */,
				7B3E00951CC849C89FB12A76 /* libPods.a */,
			);
			name = Frameworks;
			sourceTree = "<group>";
		};
		DCBED8DB1799DF2500BDA5AD /* README_app */ = {
			isa = PBXGroup;
			children = (
				DC7120151799E58A00C3C81E /* Media.xcassets */,
				DCBED8E21799DF2500BDA5AD /* Documents.plist */,
				DCBED8E31799DF2500BDA5AD /* InfoPlist.strings */,
				DCBED8E61799DF2500BDA5AD /* README-Info.plist */,
			);
			path = README_app;
			sourceTree = "<group>";
		};
		ECC0D3E217A1CE0100016744 /* source */ = {
			isa = PBXGroup;
			children = (
				ECC0D3E317A1CE0100016744 /* AppDelegate.h */,
				ECC0D3E417A1CE0100016744 /* AppDelegate.m */,
				ECC0D3E517A1CE0100016744 /* TableViewCell.h */,
				ECC0D3E617A1CE0100016744 /* TableViewCell.m */,
				ECC0D3E717A1CE0100016744 /* TableViewController.h */,
				ECC0D3E817A1CE0100016744 /* TableViewController.m */,
				ECC0D3E917A1CE0100016744 /* main.m */,
				ECC0D3EA17A1CE0100016744 /* README-prefix.pch */,
				ECC0D3EB17A1CE0100016744 /* ReadmeViewController.h */,
				ECC0D3EC17A1CE0100016744 /* ReadmeViewController.m */,
				ECC0D3ED17A1CE0100016744 /* RootViewController.h */,
				ECC0D3EE17A1CE0100016744 /* RootViewController.m */,
			);
			path = source;
			sourceTree = "<group>";
		};
/* End PBXGroup section */

/* Begin PBXNativeTarget section */
		07DE6884158E8B5200798DBA /* README */ = {
			isa = PBXNativeTarget;
			buildConfigurationList = 07DE689D158E8B5200798DBA /* Build configuration list for PBXNativeTarget "README" */;
			buildPhases = (
				40E8110D5EC746AAB50BF099 /* Check Pods Manifest.lock */,
				07DE6881158E8B5200798DBA /* Sources */,
				07DE6882158E8B5200798DBA /* Frameworks */,
				07DE6883158E8B5200798DBA /* Resources */,
				57945C2CC2564F89A3ABB3BC /* Copy Pods Resources */,
			);
			buildRules = (
			);
			dependencies = (
			);
			name = README;
			productName = CRMultiRowSelector;
			productReference = 07DE6885158E8B5200798DBA /* README.app */;
			productType = "com.apple.product-type.application";
		};
/* End PBXNativeTarget section */

/* Begin PBXProject section */
		07DE687C158E8B5200798DBA /* Project object */ = {
			isa = PBXProject;
			attributes = {
				CLASSPREFIX = CR;
				LastUpgradeCheck = 0500;
				ORGANIZATIONNAME = "Richard Burton";
				TargetAttributes = {
					07DE6884158E8B5200798DBA = {
						DevelopmentTeam = Y2V76WXBUQ;
					};
				};
			};
			buildConfigurationList = 07DE687F158E8B5200798DBA /* Build configuration list for PBXProject "README" */;
			compatibilityVersion = "Xcode 3.2";
			developmentRegion = English;
			hasScannedForEncodings = 0;
			knownRegions = (
				en,
			);
			mainGroup = 07DE687A158E8B5200798DBA;
			productRefGroup = 07DE6886158E8B5200798DBA /* Products */;
			projectDirPath = "";
			projectRoot = "";
			targets = (
				07DE6884158E8B5200798DBA /* README */,
			);
		};
/* End PBXProject section */

/* Begin PBXResourcesBuildPhase section */
		07DE6883158E8B5200798DBA /* Resources */ = {
			isa = PBXResourcesBuildPhase;
			buildActionMask = 2147483647;
			files = (
				DC7120161799E58A00C3C81E /* Media.xcassets in Resources */,
				DCBED8F01799DF2500BDA5AD /* InfoPlist.strings in Resources */,
				DCDFFDD31714DE5B0059E675 /* Default-568h@2x.png in Resources */,
				DCBED8EF1799DF2500BDA5AD /* Documents.plist in Resources */,
			);
			runOnlyForDeploymentPostprocessing = 0;
		};
/* End PBXResourcesBuildPhase section */

/* Begin PBXShellScriptBuildPhase section */
		40E8110D5EC746AAB50BF099 /* Check Pods Manifest.lock */ = {
			isa = PBXShellScriptBuildPhase;
			buildActionMask = 2147483647;
			files = (
			);
			inputPaths = (
			);
			name = "Check Pods Manifest.lock";
			outputPaths = (
			);
			runOnlyForDeploymentPostprocessing = 0;
			shellPath = /bin/sh;
			shellScript = "diff \"${PODS_ROOT}/../Podfile.lock\" \"${PODS_ROOT}/Manifest.lock\" > /dev/null\nif [[ $? != 0 ]] ; then\n    cat << EOM\nerror: The sandbox is not in sync with the Podfile.lock. Run 'pod install' or update your CocoaPods installation.\nEOM\n    exit 1\nfi\n";
			showEnvVarsInLog = 0;
		};
		57945C2CC2564F89A3ABB3BC /* Copy Pods Resources */ = {
			isa = PBXShellScriptBuildPhase;
			buildActionMask = 2147483647;
			files = (
			);
			inputPaths = (
			);
			name = "Copy Pods Resources";
			outputPaths = (
			);
			runOnlyForDeploymentPostprocessing = 0;
			shellPath = /bin/sh;
			shellScript = "\"${SRCROOT}/Pods/Pods-resources.sh\"\n";
			showEnvVarsInLog = 0;
		};
/* End PBXShellScriptBuildPhase section */

/* Begin PBXSourcesBuildPhase section */
		07DE6881158E8B5200798DBA /* Sources */ = {
			isa = PBXSourcesBuildPhase;
			buildActionMask = 2147483647;
			files = (
				ECC0D3EF17A1CE0100016744 /* AppDelegate.m in Sources */,
				ECC0D3F017A1CE0100016744 /* TableViewCell.m in Sources */,
				ECC0D3F117A1CE0100016744 /* TableViewController.m in Sources */,
				ECC0D3F217A1CE0100016744 /* main.m in Sources */,
				ECC0D3F317A1CE0100016744 /* ReadmeViewController.m in Sources */,
				ECC0D3F417A1CE0100016744 /* RootViewController.m in Sources */,
			);
			runOnlyForDeploymentPostprocessing = 0;
		};
/* End PBXSourcesBuildPhase section */

/* Begin PBXVariantGroup section */
		DCBED8E31799DF2500BDA5AD /* InfoPlist.strings */ = {
			isa = PBXVariantGroup;
			children = (
				DCBED8E41799DF2500BDA5AD /* en */,
			);
			name = InfoPlist.strings;
			sourceTree = "<group>";
		};
/* End PBXVariantGroup section */

/* Begin XCBuildConfiguration section */
		07DE689B158E8B5200798DBA /* Debug */ = {
			isa = XCBuildConfiguration;
			buildSettings = {
				ALWAYS_SEARCH_USER_PATHS = NO;
				CLANG_WARN_BOOL_CONVERSION = YES;
				CLANG_WARN_CONSTANT_CONVERSION = YES;
				CLANG_WARN_EMPTY_BODY = YES;
				CLANG_WARN_ENUM_CONVERSION = YES;
				CLANG_WARN_INT_CONVERSION = YES;
				CLANG_WARN__DUPLICATE_METHOD_MATCH = YES;
				"CODE_SIGN_IDENTITY[sdk=iphoneos*]" = "iPhone Developer";
				COPY_PHASE_STRIP = NO;
				GCC_C_LANGUAGE_STANDARD = gnu99;
				GCC_DYNAMIC_NO_PIC = NO;
				GCC_OPTIMIZATION_LEVEL = 0;
				GCC_PREPROCESSOR_DEFINITIONS = (
					"DEBUG=1",
					"$(inherited)",
				);
				GCC_SYMBOLS_PRIVATE_EXTERN = NO;
				GCC_VERSION = com.apple.compilers.llvm.clang.1_0;
				GCC_WARN_ABOUT_RETURN_TYPE = YES;
				GCC_WARN_UNDECLARED_SELECTOR = YES;
				GCC_WARN_UNINITIALIZED_AUTOS = YES;
				GCC_WARN_UNUSED_FUNCTION = YES;
				GCC_WARN_UNUSED_VARIABLE = YES;
				IPHONEOS_DEPLOYMENT_TARGET = 6.0;
				ONLY_ACTIVE_ARCH = YES;
				SDKROOT = iphoneos;
				TARGETED_DEVICE_FAMILY = "1,2";
			};
			name = Debug;
		};
		07DE689C158E8B5200798DBA /* Release */ = {
			isa = XCBuildConfiguration;
			buildSettings = {
				ALWAYS_SEARCH_USER_PATHS = NO;
				CLANG_WARN_BOOL_CONVERSION = YES;
				CLANG_WARN_CONSTANT_CONVERSION = YES;
				CLANG_WARN_EMPTY_BODY = YES;
				CLANG_WARN_ENUM_CONVERSION = YES;
				CLANG_WARN_INT_CONVERSION = YES;
				CLANG_WARN__DUPLICATE_METHOD_MATCH = YES;
				"CODE_SIGN_IDENTITY[sdk=iphoneos*]" = "iPhone Developer";
				COPY_PHASE_STRIP = YES;
				GCC_C_LANGUAGE_STANDARD = gnu99;
				GCC_VERSION = com.apple.compilers.llvm.clang.1_0;
				GCC_WARN_ABOUT_RETURN_TYPE = YES;
				GCC_WARN_UNDECLARED_SELECTOR = YES;
				GCC_WARN_UNINITIALIZED_AUTOS = YES;
				GCC_WARN_UNUSED_FUNCTION = YES;
				GCC_WARN_UNUSED_VARIABLE = YES;
				IPHONEOS_DEPLOYMENT_TARGET = 6.0;
				OTHER_CFLAGS = "-DNS_BLOCK_ASSERTIONS=1";
				SDKROOT = iphoneos;
				TARGETED_DEVICE_FAMILY = "1,2";
				VALIDATE_PRODUCT = YES;
			};
			name = Release;
		};
		07DE689E158E8B5200798DBA /* Debug */ = {
			isa = XCBuildConfiguration;
			baseConfigurationReference = 012FA78F3DE04984A758D1D0 /* Pods.xcconfig */;
			buildSettings = {
				ASSETCATALOG_COMPILER_APPICON_NAME = AppIcon;
				CLANG_ENABLE_OBJC_ARC = YES;
				CODE_SIGN_IDENTITY = "iPhone Developer: Richard Burton (BL99KMXZQQ)";
				GCC_PRECOMPILE_PREFIX_HEADER = YES;
				GCC_PREFIX_HEADER = "source/README-Prefix.pch";
				INFOPLIST_FILE = "README_app/README-Info.plist";
				IPHONEOS_DEPLOYMENT_TARGET = 6.0;
				PRODUCT_NAME = README;
				TARGETED_DEVICE_FAMILY = 1;
				WRAPPER_EXTENSION = app;
			};
			name = Debug;
		};
		07DE689F158E8B5200798DBA /* Release */ = {
			isa = XCBuildConfiguration;
			baseConfigurationReference = 012FA78F3DE04984A758D1D0 /* Pods.xcconfig */;
			buildSettings = {
				ASSETCATALOG_COMPILER_APPICON_NAME = AppIcon;
				CLANG_ENABLE_OBJC_ARC = YES;
				CODE_SIGN_IDENTITY = "iPhone Developer";
				"CODE_SIGN_IDENTITY[sdk=iphoneos*]" = "iPhone Developer: Richard Burton (BL99KMXZQQ)";
				GCC_PRECOMPILE_PREFIX_HEADER = YES;
				GCC_PREFIX_HEADER = "source/README-Prefix.pch";
				INFOPLIST_FILE = "README_app/README-Info.plist";
				IPHONEOS_DEPLOYMENT_TARGET = 6.0;
				PRODUCT_NAME = README;
				TARGETED_DEVICE_FAMILY = 1;
				WRAPPER_EXTENSION = app;
			};
			name = Release;
		};
/* End XCBuildConfiguration section */

/* Begin XCConfigurationList section */
		07DE687F158E8B5200798DBA /* Build configuration list for PBXProject "README" */ = {
			isa = XCConfigurationList;
			buildConfigurations = (
				07DE689B158E8B5200798DBA /* Debug */,
				07DE689C158E8B5200798DBA /* Release */,
			);
			defaultConfigurationIsVisible = 0;
			defaultConfigurationName = Release;
		};
		07DE689D158E8B5200798DBA /* Build configuration list for PBXNativeTarget "README" */ = {
			isa = XCConfigurationList;
			buildConfigurations = (
				07DE689E158E8B5200798DBA /* Debug */,
				07DE689F158E8B5200798DBA /* Release */,
			);
			defaultConfigurationIsVisible = 0;
			defaultConfigurationName = Release;
		};
/* End XCConfigurationList section */
	};
	rootObject = 07DE687C158E8B5200798DBA /* Project object */;
}
